
Microsoft Visual Studio Solution File, Format Version 12.00
# Visual Studio Version 16
VisualStudioVersion = 16.0.31105.61
MinimumVisualStudioVersion = 10.0.40219.1
Project("{FAE04EC0-301F-11D3-BF4B-00C04F79EFBC}") = "Network.Client", "Network.Client\Network.Client.csproj", "{E85CEFBF-FF91-4101-B7CC-757AC940ECCE}"
EndProject
Project("{FAE04EC0-301F-11D3-BF4B-00C04F79EFBC}") = "Network.Server", "Network.Server\Network.Server.csproj", "{A79A187C-7A68-460F-AE5E-7C97FF6BBAAF}"
EndProject
Project("{FAE04EC0-301F-11D3-BF4B-00C04F79EFBC}") = "Network.Common", "Network.Common\Network.Common.csproj", "{AF011962-1D54-40C7-8969-9FBD54E1CBD3}"
EndProject
Global
	GlobalSection(SolutionConfigurationPlatforms) = preSolution
		Debug|Any CPU = Debug|Any CPU
		Release|Any CPU = Release|Any CPU
	EndGlobalSection
	GlobalSection(ProjectConfigurationPlatforms) = postSolution
		{E85CEFBF-FF91-4101-B7CC-757AC940ECCE}.Debug|Any CPU.ActiveCfg = Debug|Any CPU
		{E85CEFBF-FF91-4101-B7CC-757AC940ECCE}.Debug|Any CPU.Build.0 = Debug|Any CPU
		{E85CEFBF-FF91-4101-B7CC-757AC940ECCE}.Release|Any CPU.ActiveCfg = Release|Any CPU
		{E85CEFBF-FF91-4101-B7CC-757AC940ECCE}.Release|Any CPU.Build.0 = Release|Any CPU
		{A79A187C-7A68-460F-AE5E-7C97FF6BBAAF}.Debug|Any CPU.ActiveCfg = Debug|Any CPU
		{A79A187C-7A68-460F-AE5E-7C97FF6BBAAF}.Debug|Any CPU.Build.0 = Debug|Any CPU
		{A79A187C-7A68-460F-AE5E-7C97FF6BBAAF}.Release|Any CPU.ActiveCfg = Release|Any CPU
		{A79A187C-7A68-460F-AE5E-7C97FF6BBAAF}.Release|Any CPU.Build.0 = Release|Any CPU
		{AF011962-1D54-40C7-8969-9FBD54E1CBD3}.Debug|Any CPU.ActiveCfg = Debug|Any CPU
		{AF011962-1D54-40C7-8969-9FBD54E1CBD3}.Debug|Any CPU.Build.0 = Debug|Any CPU
		{AF011962-1D54-40C7-8969-9FBD54E1CBD3}.Release|Any CPU.ActiveCfg = Release|Any CPU
		{AF011962-1D54-40C7-8969-9FBD54E1CBD3}.Release|Any CPU.Build.0 = Release|Any CPU
	EndGlobalSection
	GlobalSection(SolutionProperties) = preSolution
		HideSolutionNode = FALSE
	EndGlobalSection
	GlobalSection(ExtensibilityGlobals) = postSolution
		SolutionGuid = {047C80B5-8638-4DC2-BFDF-C264C3D3A39F}
	EndGlobalSection
EndGlobal
